
Microsoft Visual Studio Solution File, Format Version 12.00
# Visual Studio Version 17
VisualStudioVersion = 17.3.32819.101
MinimumVisualStudioVersion = 10.0.40219.1
Project("{FAE04EC0-301F-11D3-BF4B-00C04F79EFBC}") = "InteruptBlocker", "InteruptBlocker.csproj", "{626A2268-8A4A-41BE-8383-284E7CAF9039}"
EndProject
Global
	GlobalSection(SolutionConfigurationPlatforms) = preSolution
		Debug|Any CPU = Debug|Any CPU
		Release|Any CPU = Release|Any CPU
	EndGlobalSection
	GlobalSection(ProjectConfigurationPlatforms) = postSolution
		{626A2268-8A4A-41BE-8383-284E7CAF9039}.Debug|Any CPU.ActiveCfg = Debug|Any CPU
		{626A2268-8A4A-41BE-8383-284E7CAF9039}.Debug|Any CPU.Build.0 = Debug|Any CPU
		{626A2268-8A4A-41BE-8383-284E7CAF9039}.Release|Any CPU.ActiveCfg = Release|Any CPU
		{626A2268-8A4A-41BE-8383-284E7CAF9039}.Release|Any CPU.Build.0 = Release|Any CPU
	EndGlobalSection
	GlobalSection(SolutionProperties) = preSolution
		HideSolutionNode = FALSE
	EndGlobalSection
	GlobalSection(ExtensibilityGlobals) = postSolution
		SolutionGuid = {F5C6E3CF-27CD-4390-9367-CE2872F69E72}
	EndGlobalSection
EndGlobal
